
Microsoft Visual Studio Solution File, Format Version 12.00
Project("{2150E333-8FDC-42A3-9474-1A3956D46DE8}") = "SRC", "SRC", "{56A4EEC1-DDB7-4E62-887A-C994F554D22B}"
EndProject
Project("{FAE04EC0-301F-11D3-BF4B-00C04F79EFBC}") = "NumberConverntorExtention", "NumberConverntorExtention\NumberConverntorExtention.csproj", "{2EF8DEC2-9874-4CAA-9A9F-E9F117FFA186}"
EndProject
Global
	GlobalSection(SolutionConfigurationPlatforms) = preSolution
		Debug|Any CPU = Debug|Any CPU
		Release|Any CPU = Release|Any CPU
	EndGlobalSection
	GlobalSection(NestedProjects) = preSolution
		{2EF8DEC2-9874-4CAA-9A9F-E9F117FFA186} = {56A4EEC1-DDB7-4E62-887A-C994F554D22B}
	EndGlobalSection
	GlobalSection(ProjectConfigurationPlatforms) = postSolution
		{2EF8DEC2-9874-4CAA-9A9F-E9F117FFA186}.Debug|Any CPU.ActiveCfg = Debug|Any CPU
		{2EF8DEC2-9874-4CAA-9A9F-E9F117FFA186}.Debug|Any CPU.Build.0 = Debug|Any CPU
		{2EF8DEC2-9874-4CAA-9A9F-E9F117FFA186}.Release|Any CPU.ActiveCfg = Release|Any CPU
		{2EF8DEC2-9874-4CAA-9A9F-E9F117FFA186}.Release|Any CPU.Build.0 = Release|Any CPU
	EndGlobalSection
EndGlobal
